Microsoft Visual Studio Solution File, Format Version 12.00
Project("{FAE04EC0-301F-11D3-BF4B-00C04F79EFBC}") = "Dova", "Dova\Dova.csproj", "{950C7ED9-0701-4CAA-A5EB-E1D98BE2A494}"
EndProject
Project("{2150E333-8FDC-42A3-9474-1A3956D46DE8}") = "Tests", "Tests", "{D43BCD12-E9B1-4104-9860-BB26EE846471}"
EndProject
Project("{FAE04EC0-301F-11D3-BF4B-00C04F79EFBC}") = "Dova.Tests", "Tests\Dova.Tests\Dova.Tests.csproj", "{CEA5DD25-210F-4593-9181-21DED5F9E15E}"
EndProject
Project("{2150E333-8FDC-42A3-9474-1A3956D46DE8}") = "Tools", "Tools", "{71E5836B-76C9-4354-931A-236E8A0911CE}"
EndProject
Project("{FAE04EC0-301F-11D3-BF4B-00C04F79EFBC}") = "Dova.Tools.JavaRuntimeFunctionsGenerator", "Tools\Dova.Tools.JavaRuntimeFunctionsGenerator\Dova.Tools.JavaRuntimeFunctionsGenerator.csproj", "{CAD55D9B-78CD-4485-86E2-5FD74FAEBFEB}"
EndProject
Project("{FAE04EC0-301F-11D3-BF4B-00C04F79EFBC}") = "Dova.Tools.DocumentationGenerator", "Tools\Dova.Tools.DocumentationGenerator\Dova.Tools.DocumentationGenerator.csproj", "{BB71A377-EF39-4163-9DA9-B3A0DE8C5E43}"
EndProject
Project("{FAE04EC0-301F-11D3-BF4B-00C04F79EFBC}") = "Dova.Tools.JavaRuntimeFunctionsImplementationsGenerator", "Tools\Dova.Tools.JavaRuntimeFunctionsImplementationsGenerator\Dova.Tools.JavaRuntimeFunctionsImplementationsGenerator.csproj", "{3042E656-2A85-48FA-BB0E-A276E2C47974}"
EndProject
Project("{FAE04EC0-301F-11D3-BF4B-00C04F79EFBC}") = "Dova.Tools.JavaClassStructureGenerator", "Tools\Dova.Tools.JavaClassStructureGenerator\Dova.Tools.JavaClassStructureGenerator.csproj", "{751EA9E1-3445-4BD0-B3FC-5EE2CF14F9BC}"
EndProject
Project("{FAE04EC0-301F-11D3-BF4B-00C04F79EFBC}") = "Dova.Tools.Tests", "Tests\Dova.Tools.Tests\Dova.Tools.Tests.csproj", "{00D9BA7B-BFB3-44F9-9646-A8AB78EF72AF}"
EndProject
Project("{FAE04EC0-301F-11D3-BF4B-00C04F79EFBC}") = "Dova.Tests.ExternalDependencies", "Tests\Dova.Tests.ExternalDependencies\Dova.Tests.ExternalDependencies.csproj", "{3BB429E3-8853-4DAA-83EB-C56555A6FA1E}"
EndProject
Global
	GlobalSection(SolutionConfigurationPlatforms) = preSolution
		Debug|Any CPU = Debug|Any CPU
		Release|Any CPU = Release|Any CPU
	EndGlobalSection
	GlobalSection(ProjectConfigurationPlatforms) = postSolution
		{950C7ED9-0701-4CAA-A5EB-E1D98BE2A494}.Debug|Any CPU.ActiveCfg = Debug|Any CPU
		{950C7ED9-0701-4CAA-A5EB-E1D98BE2A494}.Debug|Any CPU.Build.0 = Debug|Any CPU
		{950C7ED9-0701-4CAA-A5EB-E1D98BE2A494}.Release|Any CPU.ActiveCfg = Release|Any CPU
		{950C7ED9-0701-4CAA-A5EB-E1D98BE2A494}.Release|Any CPU.Build.0 = Release|Any CPU
		{CEA5DD25-210F-4593-9181-21DED5F9E15E}.Debug|Any CPU.ActiveCfg = Debug|Any CPU
		{CEA5DD25-210F-4593-9181-21DED5F9E15E}.Debug|Any CPU.Build.0 = Debug|Any CPU
		{CEA5DD25-210F-4593-9181-21DED5F9E15E}.Release|Any CPU.ActiveCfg = Release|Any CPU
		{CEA5DD25-210F-4593-9181-21DED5F9E15E}.Release|Any CPU.Build.0 = Release|Any CPU
		{CAD55D9B-78CD-4485-86E2-5FD74FAEBFEB}.Debug|Any CPU.ActiveCfg = Debug|Any CPU
		{CAD55D9B-78CD-4485-86E2-5FD74FAEBFEB}.Debug|Any CPU.Build.0 = Debug|Any CPU
		{CAD55D9B-78CD-4485-86E2-5FD74FAEBFEB}.Release|Any CPU.ActiveCfg = Release|Any CPU
		{CAD55D9B-78CD-4485-86E2-5FD74FAEBFEB}.Release|Any CPU.Build.0 = Release|Any CPU
		{BB71A377-EF39-4163-9DA9-B3A0DE8C5E43}.Debug|Any CPU.ActiveCfg = Debug|Any CPU
		{BB71A377-EF39-4163-9DA9-B3A0DE8C5E43}.Debug|Any CPU.Build.0 = Debug|Any CPU
		{BB71A377-EF39-4163-9DA9-B3A0DE8C5E43}.Release|Any CPU.ActiveCfg = Release|Any CPU
		{BB71A377-EF39-4163-9DA9-B3A0DE8C5E43}.Release|Any CPU.Build.0 = Release|Any CPU
		{3042E656-2A85-48FA-BB0E-A276E2C47974}.Debug|Any CPU.ActiveCfg = Debug|Any CPU
		{3042E656-2A85-48FA-BB0E-A276E2C47974}.Debug|Any CPU.Build.0 = Debug|Any CPU
		{3042E656-2A85-48FA-BB0E-A276E2C47974}.Release|Any CPU.ActiveCfg = Release|Any CPU
		{3042E656-2A85-48FA-BB0E-A276E2C47974}.Release|Any CPU.Build.0 = Release|Any CPU
		{751EA9E1-3445-4BD0-B3FC-5EE2CF14F9BC}.Debug|Any CPU.ActiveCfg = Debug|Any CPU
		{751EA9E1-3445-4BD0-B3FC-5EE2CF14F9BC}.Debug|Any CPU.Build.0 = Debug|Any CPU
		{751EA9E1-3445-4BD0-B3FC-5EE2CF14F9BC}.Release|Any CPU.ActiveCfg = Release|Any CPU
		{751EA9E1-3445-4BD0-B3FC-5EE2CF14F9BC}.Release|Any CPU.Build.0 = Release|Any CPU
		{00D9BA7B-BFB3-44F9-9646-A8AB78EF72AF}.Debug|Any CPU.ActiveCfg = Debug|Any CPU
		{00D9BA7B-BFB3-44F9-9646-A8AB78EF72AF}.Debug|Any CPU.Build.0 = Debug|Any CPU
		{00D9BA7B-BFB3-44F9-9646-A8AB78EF72AF}.Release|Any CPU.ActiveCfg = Release|Any CPU
		{00D9BA7B-BFB3-44F9-9646-A8AB78EF72AF}.Release|Any CPU.Build.0 = Release|Any CPU
		{3BB429E3-8853-4DAA-83EB-C56555A6FA1E}.Debug|Any CPU.ActiveCfg = Debug|Any CPU
		{3BB429E3-8853-4DAA-83EB-C56555A6FA1E}.Debug|Any CPU.Build.0 = Debug|Any CPU
		{3BB429E3-8853-4DAA-83EB-C56555A6FA1E}.Release|Any CPU.ActiveCfg = Release|Any CPU
		{3BB429E3-8853-4DAA-83EB-C56555A6FA1E}.Release|Any CPU.Build.0 = Release|Any CPU
	EndGlobalSection
	GlobalSection(NestedProjects) = preSolution
		{CEA5DD25-210F-4593-9181-21DED5F9E15E} = {D43BCD12-E9B1-4104-9860-BB26EE846471}
		{CAD55D9B-78CD-4485-86E2-5FD74FAEBFEB} = {71E5836B-76C9-4354-931A-236E8A0911CE}
		{BB71A377-EF39-4163-9DA9-B3A0DE8C5E43} = {71E5836B-76C9-4354-931A-236E8A0911CE}
		{3042E656-2A85-48FA-BB0E-A276E2C47974} = {71E5836B-76C9-4354-931A-236E8A0911CE}
		{751EA9E1-3445-4BD0-B3FC-5EE2CF14F9BC} = {71E5836B-76C9-4354-931A-236E8A0911CE}
		{00D9BA7B-BFB3-44F9-9646-A8AB78EF72AF} = {D43BCD12-E9B1-4104-9860-BB26EE846471}
		{3BB429E3-8853-4DAA-83EB-C56555A6FA1E} = {D43BCD12-E9B1-4104-9860-BB26EE846471}
	EndGlobalSection
EndGlobal
