Microsoft Visual Studio Solution File, Format Version 12.00
Project("{FAE04EC0-301F-11D3-BF4B-00C04F79EFBC}") = "Dova", "Dova\Dova.csproj", "{950C7ED9-0701-4CAA-A5EB-E1D98BE2A494}"
EndProject
Global
	GlobalSection(SolutionConfigurationPlatforms) = preSolution
		Debug|Any CPU = Debug|Any CPU
		Release|Any CPU = Release|Any CPU
	EndGlobalSection
	GlobalSection(ProjectConfigurationPlatforms) = postSolution
		{950C7ED9-0701-4CAA-A5EB-E1D98BE2A494}.Debug|Any CPU.ActiveCfg = Debug|Any CPU
		{950C7ED9-0701-4CAA-A5EB-E1D98BE2A494}.Debug|Any CPU.Build.0 = Debug|Any CPU
		{950C7ED9-0701-4CAA-A5EB-E1D98BE2A494}.Release|Any CPU.ActiveCfg = Release|Any CPU
		{950C7ED9-0701-4CAA-A5EB-E1D98BE2A494}.Release|Any CPU.Build.0 = Release|Any CPU
	EndGlobalSection
EndGlobal
